
Microsoft Visual Studio Solution File, Format Version 12.00
# Visual Studio Version 17
VisualStudioVersion = 17.6.33829.357
MinimumVisualStudioVersion = 10.0.40219.1
Project("{FAE04EC0-301F-11D3-BF4B-00C04F79EFBC}") = "Presentation", "Presentation\Presentation.csproj", "{ACE810BE-BCAA-41EB-BA3C-0F53BA85701C}"
EndProject
Project("{FAE04EC0-301F-11D3-BF4B-00C04F79EFBC}") = "DataAccess", "DataAccess\DataAccess.csproj", "{0B784EE2-D47D-412F-90D5-78A2061393CA}"
EndProject
Project("{FAE04EC0-301F-11D3-BF4B-00C04F79EFBC}") = "Business", "Business\Business.csproj", "{BAD4FED5-7398-4DC5-B9CB-74147B736786}"
EndProject
Project("{FAE04EC0-301F-11D3-BF4B-00C04F79EFBC}") = "Common", "Common\Common.csproj", "{411DF83D-737C-4F12-9C76-D40406F161A9}"
EndProject
Global
	GlobalSection(SolutionConfigurationPlatforms) = preSolution
		Debug|Any CPU = Debug|Any CPU
		Release|Any CPU = Release|Any CPU
	EndGlobalSection
	GlobalSection(ProjectConfigurationPlatforms) = postSolution
		{ACE810BE-BCAA-41EB-BA3C-0F53BA85701C}.Debug|Any CPU.ActiveCfg = Debug|Any CPU
		{ACE810BE-BCAA-41EB-BA3C-0F53BA85701C}.Debug|Any CPU.Build.0 = Debug|Any CPU
		{ACE810BE-BCAA-41EB-BA3C-0F53BA85701C}.Release|Any CPU.ActiveCfg = Release|Any CPU
		{ACE810BE-BCAA-41EB-BA3C-0F53BA85701C}.Release|Any CPU.Build.0 = Release|Any CPU
		{0B784EE2-D47D-412F-90D5-78A2061393CA}.Debug|Any CPU.ActiveCfg = Debug|Any CPU
		{0B784EE2-D47D-412F-90D5-78A2061393CA}.Debug|Any CPU.Build.0 = Debug|Any CPU
		{0B784EE2-D47D-412F-90D5-78A2061393CA}.Release|Any CPU.ActiveCfg = Release|Any CPU
		{0B784EE2-D47D-412F-90D5-78A2061393CA}.Release|Any CPU.Build.0 = Release|Any CPU
		{BAD4FED5-7398-4DC5-B9CB-74147B736786}.Debug|Any CPU.ActiveCfg = Debug|Any CPU
		{BAD4FED5-7398-4DC5-B9CB-74147B736786}.Debug|Any CPU.Build.0 = Debug|Any CPU
		{BAD4FED5-7398-4DC5-B9CB-74147B736786}.Release|Any CPU.ActiveCfg = Release|Any CPU
		{BAD4FED5-7398-4DC5-B9CB-74147B736786}.Release|Any CPU.Build.0 = Release|Any CPU
		{411DF83D-737C-4F12-9C76-D40406F161A9}.Debug|Any CPU.ActiveCfg = Debug|Any CPU
		{411DF83D-737C-4F12-9C76-D40406F161A9}.Debug|Any CPU.Build.0 = Debug|Any CPU
		{411DF83D-737C-4F12-9C76-D40406F161A9}.Release|Any CPU.ActiveCfg = Release|Any CPU
		{411DF83D-737C-4F12-9C76-D40406F161A9}.Release|Any CPU.Build.0 = Release|Any CPU
	EndGlobalSection
	GlobalSection(SolutionProperties) = preSolution
		HideSolutionNode = FALSE
	EndGlobalSection
	GlobalSection(ExtensibilityGlobals) = postSolution
		SolutionGuid = {B3B468C0-44D3-4D59-BBA1-D6E571853328}
	EndGlobalSection
EndGlobal
